
Microsoft Visual Studio Solution File, Format Version 12.00
# Visual Studio Version 17
VisualStudioVersion = 17.1.32228.430
MinimumVisualStudioVersion = 10.0.40219.1
Project("{FAE04EC0-301F-11D3-BF4B-00C04F79EFBC}") = "lab1_ripemd320_v2", "lab1_ripemd320_v2\lab1_ripemd320_v2.csproj", "{AF08FAA0-6687-401B-B52C-A560437C4AF8}"
EndProject
Global
	GlobalSection(SolutionConfigurationPlatforms) = preSolution
		Debug|Any CPU = Debug|Any CPU
		Release|Any CPU = Release|Any CPU
	EndGlobalSection
	GlobalSection(ProjectConfigurationPlatforms) = postSolution
		{AF08FAA0-6687-401B-B52C-A560437C4AF8}.Debug|Any CPU.ActiveCfg = Debug|Any CPU
		{AF08FAA0-6687-401B-B52C-A560437C4AF8}.Debug|Any CPU.Build.0 = Debug|Any CPU
		{AF08FAA0-6687-401B-B52C-A560437C4AF8}.Release|Any CPU.ActiveCfg = Release|Any CPU
		{AF08FAA0-6687-401B-B52C-A560437C4AF8}.Release|Any CPU.Build.0 = Release|Any CPU
	EndGlobalSection
	GlobalSection(SolutionProperties) = preSolution
		HideSolutionNode = FALSE
	EndGlobalSection
	GlobalSection(ExtensibilityGlobals) = postSolution
		SolutionGuid = {6F4DFF07-32AB-42B0-BD25-A90577DC3D47}
	EndGlobalSection
EndGlobal
